// !$*UTF8*$!
{
	archiveVersion = 1;
	classes = {
	};
	objectVersion = 46;
	objects = {

/* Begin PBXBuildFile section */
		370B462E1DF0C28000F5C984 /* AppDelegate.swift in Sources */ = {isa = PBXBuildFile; fileRef = 370B462D1DF0C28000F5C984 /* AppDelegate.swift */; };
		370B46301DF0C28000F5C984 /* ViewController.swift in Sources */ = {isa = PBXBuildFile; fileRef = 370B462F1DF0C28000F5C984 /* ViewController.swift */; };
		370B46331DF0C28000F5C984 /* Main.storyboard in Resources */ = {isa = PBXBuildFile; fileRef = 370B46311DF0C28000F5C984 /* Main.storyboard */; };
		370B46351DF0C28000F5C984 /* Assets.xcassets in Resources */ = {isa = PBXBuildFile; fileRef = 370B46341DF0C28000F5C984 /* Assets.xcassets */; };
		370B46381DF0C28000F5C984 /* LaunchScreen.storyboard in Resources */ = {isa = PBXBuildFile; fileRef = 370B46361DF0C28000F5C984 /* LaunchScreen.storyboard */; };
/* End PBXBuildFile section */

/* Begin PBXFileReference section */
		370B462A1DF0C28000F5C984 /* TeamsGamePrototype2.app */ = {isa = PBXFileReference; explicitFileType = wrapper.application; includeInIndex = 0; path = TeamsGamePrototype2.app; sourceTree = BUILT_PRODUCTS_DIR; };
		370B462D1DF0C28000F5C984 /* AppDelegate.swift */ = {isa = PBXFileReference; lastKnownFileType = sourcecode.swift; path = AppDelegate.swift; sourceTree = "<group>"; };
		370B462F1DF0C28000F5C984 /* ViewController.swift */ = {isa = PBXFileReference; lastKnownFileType = sourcecode.swift; path = ViewController.swift; sourceTree = "<group>"; };
		370B46321DF0C28000F5C984 /* Base */ = {isa = PBXFileReference; lastKnownFileType = file.storyboard; name = Base; path = Base.lproj/Main.storyboard; sourceTree = "<group>"; };
		370B46341DF0C28000F5C984 /* Assets.xcassets */ = {isa = PBXFileReference; lastKnownFileType = folder.assetcatalog; path = Assets.xcassets; sourceTree = "<group>"; };
		370B46371DF0C28000F5C984 /* Base */ = {isa = PBXFileReference; lastKnownFileType = file.storyboard; name = Base; path = Base.lproj/LaunchScreen.storyboard; sourceTree = "<group>"; };
		370B46391DF0C28000F5C984 /* Info.plist */ = {isa = PBXFileReference; lastKnownFileType = text.plist.xml; path = Info.plist; sourceTree = "<group>"; };
/* End PBXFileReference section */

/* Begin PBXFrameworksBuildPhase section */
		370B46271DF0C28000F5C984 /* Frameworks */ = {
			isa = PBXFrameworksBuildPhase;
			buildActionMask = 2147483647;
			files = (
			);
			runOnlyForDeploymentPostprocessing = 0;
		};
/* End PBXFrameworksBuildPhase section */

/* Begin PBXGroup section */
		370B46211DF0C28000F5C984 = {
			isa = PBXGroup;
			children = (
				370B462C1DF0C28000F5C984 /* TeamsGamePrototype2 */,
				370B462B1DF0C28000F5C984 /* Products */,
			);
			sourceTree = "<group>";
		};
		370B462B1DF0C28000F5C984 /* Products */ = {
			isa = PBXGroup;
			children = (
				370B462A1DF0C28000F5C984 /* TeamsGamePrototype2.app */,
			);
			name = Products;
			sourceTree = "<group>";
		};
		370B462C1DF0C28000F5C984 /* TeamsGamePrototype2 */ = {
			isa = PBXGroup;
			children = (
				370B462D1DF0C28000F5C984 /* AppDelegate.swift */,
				370B462F1DF0C28000F5C984 /* ViewController.swift */,
				370B46311DF0C28000F5C984 /* Main.storyboard */,
				370B46341DF0C28000F5C984 /* Assets.xcassets */,
				370B46361DF0C28000F5C984 /* LaunchScreen.storyboard */,
				370B46391DF0C28000F5C984 /* Info.plist */,
			);
			path = TeamsGamePrototype2;
			sourceTree = "<group>";
		};
/* End PBXGroup section */

/* Begin PBXNativeTarget section */
		370B46291DF0C28000F5C984 /* TeamsGamePrototype2 */ = {
			isa = PBXNativeTarget;
			buildConfigurationList = 370B463C1DF0C28000F5C984 /* Build configuration list for PBXNativeTarget "TeamsGamePrototype2" */;
			buildPhases = (
				370B46261DF0C28000F5C984 /* Sources */,
				370B46271DF0C28000F5C984 /* Frameworks */,
				370B46281DF0C28000F5C984 /* Resources */,
			);
			buildRules = (
			);
			dependencies = (
			);
			name = TeamsGamePrototype2;
			productName = TeamsGamePrototype2;
			productReference = 370B462A1DF0C28000F5C984 /* TeamsGamePrototype2.app */;
			productType = "com.apple.product-type.application";
		};
/* End PBXNativeTarget section */

/* Begin PBXProject section */
		370B46221DF0C28000F5C984 /* Project object */ = {
			isa = PBXProject;
			attributes = {
				LastSwiftUpdateCheck = 0810;
				LastUpgradeCheck = 0810;
				ORGANIZATIONNAME = "Michael Hsiu";
				TargetAttributes = {
					370B46291DF0C28000F5C984 = {
						CreatedOnToolsVersion = 8.1;
						DevelopmentTeam = 9592V5UGP7;
						ProvisioningStyle = Automatic;
					};
				};
			};
			buildConfigurationList = 370B46251DF0C28000F5C984 /* Build configuration list for PBXProject "TeamsGamePrototype2" */;
			compatibilityVersion = "Xcode 3.2";
			developmentRegion = English;
			hasScannedForEncodings = 0;
			knownRegions = (
				en,
				Base,
			);
			mainGroup = 370B46211DF0C28000F5C984;
			productRefGroup = 370B462B1DF0C28000F5C984 /* Products */;
			projectDirPath = "";
			projectRoot = "";
			targets = (
				370B46291DF0C28000F5C984 /* TeamsGamePrototype2 */,
			);
		};
/* End PBXProject section */

/* Begin PBXResourcesBuildPhase section */
		370B46281DF0C28000F5C984 /* Resources */ = {
			isa = PBXResourcesBuildPhase;
			buildActionMask = 2147483647;
			files = (
				370B46381DF0C28000F5C984 /* LaunchScreen.storyboard in Resources */,
				370B46351DF0C28000F5C984 /* Assets.xcassets in Resources */,
				370B46331DF0C28000F5C984 /* Main.storyboard in Resources */,
			);
			runOnlyForDeploymentPostprocessing = 0;
		};
/* End PBXResourcesBuildPhase section */

/* Begin PBXSourcesBuildPhase section */
		370B46261DF0C28000F5C984 /* Sources */ = {
			isa = PBXSourcesBuildPhase;
			buildActionMask = 2147483647;
			files = (
				370B46301DF0C28000F5C984 /* ViewController.swift in Sources */,
				370B462E1DF0C28000F5C984 /* AppDelegate.swift in Sources */,
			);
			runOnlyForDeploymentPostprocessing = 0;
		};
/* End PBXSourcesBuildPhase section */

/* Begin PBXVariantGroup section */
		370B46311DF0C28000F5C984 /* Main.storyboard */ = {
			isa = PBXVariantGroup;
			children = (
				370B46321DF0C28000F5C984 /* Base */,
			);
			name = Main.storyboard;
			sourceTree = "<group>";
		};
		370B46361DF0C28000F5C984 /* LaunchScreen.storyboard */ = {
			isa = PBXVariantGroup;
			children = (
				370B46371DF0C28000F5C984 /* Base */,
			);
			name = LaunchScreen.storyboard;
			sourceTree = "<group>";
		};
/* End PBXVariantGroup section */

/* Begin XCBuildConfiguration section */
		370B463A1DF0C28000F5C984 /* Debug */ = {
			isa = XCBuildConfiguration;
			buildSettings = {
				ALWAYS_SEARCH_USER_PATHS = NO;
				CLANG_ANALYZER_NONNULL = YES;
				CLANG_CXX_LANGUAGE_STANDARD = "gnu++0x";
				CLANG_CXX_LIBRARY = "libc++";
				CLANG_ENABLE_MODULES = YES;
				CLANG_ENABLE_OBJC_ARC = YES;
				CLANG_WARN_BOOL_CONVERSION = YES;
				CLANG_WARN_CONSTANT_CONVERSION = YES;
				CLANG_WARN_DIRECT_OBJC_ISA_USAGE = YES_ERROR;
				CLANG_WARN_DOCUMENTATION_COMMENTS = YES;
				CLANG_WARN_EMPTY_BODY = YES;
				CLANG_WARN_ENUM_CONVERSION = YES;
				CLANG_WARN_INFINITE_RECURSION = YES;
				CLANG_WARN_INT_CONVERSION = YES;
				CLANG_WARN_OBJC_ROOT_CLASS = YES_ERROR;
				CLANG_WARN_SUSPICIOUS_MOVES = YES;
				CLANG_WARN_UNREACHABLE_CODE = YES;
				CLANG_WARN__DUPLICATE_METHOD_MATCH = YES;
				"CODE_SIGN_IDENTITY[sdk=iphoneos*]" = "iPhone Developer";
				COPY_PHASE_STRIP = NO;
				DEBUG_INFORMATION_FORMAT = dwarf;
				ENABLE_STRICT_OBJC_MSGSEND = YES;
				ENABLE_TESTABILITY = YES;
				GCC_C_LANGUAGE_STANDARD = gnu99;
				GCC_DYNAMIC_NO_PIC = NO;
				GCC_NO_COMMON_BLOCKS = YES;
				GCC_OPTIMIZATION_LEVEL = 0;
				GCC_PREPROCESSOR_DEFINITIONS = (
					"DEBUG=1",
					"$(inherited)",
				);
				GCC_WARN_64_TO_32_BIT_CONVERSION = YES;
				GCC_WARN_ABOUT_RETURN_TYPE = YES_ERROR;
				GCC_WARN_UNDECLARED_SELECTOR = YES;
				GCC_WARN_UNINITIALIZED_AUTOS = YES_AGGRESSIVE;
				GCC_WARN_UNUSED_FUNCTION = YES;
				GCC_WARN_UNUSED_VARIABLE = YES;
				IPHONEOS_DEPLOYMENT_TARGET = 10.1;
				MTL_ENABLE_DEBUG_INFO = YES;
				ONLY_ACTIVE_ARCH = YES;
				SDKROOT = iphoneos;
				SWIFT_ACTIVE_COMPILATION_CONDITIONS = DEBUG;
				SWIFT_OPTIMIZATION_LEVEL = "-Onone";
			};
			name = Debug;
		};
		370B463B1DF0C28000F5C984 /* Release */ = {
			isa = XCBuildConfiguration;
			buildSettings = {
				ALWAYS_SEARCH_USER_PATHS = NO;
				CLANG_ANALYZER_NONNULL = YES;
				CLANG_CXX_LANGUAGE_STANDARD = "gnu++0x";
				CLANG_CXX_LIBRARY = "libc++";
				CLANG_ENABLE_MODULES = YES;
				CLANG_ENABLE_OBJC_ARC = YES;
				CLANG_WARN_BOOL_CONVERSION = YES;
				CLANG_WARN_CONSTANT_CONVERSION = YES;
				CLANG_WARN_DIRECT_OBJC_ISA_USAGE = YES_ERROR;
				CLANG_WARN_DOCUMENTATION_COMMENTS = YES;
				CLANG_WARN_EMPTY_BODY = YES;
				CLANG_WARN_ENUM_CONVERSION = YES;
				CLANG_WARN_INFINITE_RECURSION = YES;
				CLANG_WARN_INT_CONVERSION = YES;
				CLANG_WARN_OBJC_ROOT_CLASS = YES_ERROR;
				CLANG_WARN_SUSPICIOUS_MOVES = YES;
				CLANG_WARN_UNREACHABLE_CODE = YES;
				CLANG_WARN__DUPLICATE_METHOD_MATCH = YES;
				"CODE_SIGN_IDENTITY[sdk=iphoneos*]" = "iPhone Developer";
				COPY_PHASE_STRIP = NO;
				DEBUG_INFORMATION_FORMAT = "dwarf-with-dsym";
				ENABLE_NS_ASSERTIONS = NO;
				ENABLE_STRICT_OBJC_MSGSEND = YES;
				GCC_C_LANGUAGE_STANDARD = gnu99;
				GCC_NO_COMMON_BLOCKS = YES;
				GCC_WARN_64_TO_32_BIT_CONVERSION = YES;
				GCC_WARN_ABOUT_RETURN_TYPE = YES_ERROR;
				GCC_WARN_UNDECLARED_SELECTOR = YES;
				GCC_WARN_UNINITIALIZED_AUTOS = YES_AGGRESSIVE;
				GCC_WARN_UNUSED_FUNCTION = YES;
				GCC_WARN_UNUSED_VARIABLE = YES;
				IPHONEOS_DEPLOYMENT_TARGET = 10.1;
				MTL_ENABLE_DEBUG_INFO = NO;
				SDKROOT = iphoneos;
				SWIFT_OPTIMIZATION_LEVEL = "-Owholemodule";
				VALIDATE_PRODUCT = YES;
			};
			name = Release;
		};
		370B463D1DF0C28000F5C984 /* Debug */ = {
			isa = XCBuildConfiguration;
			buildSettings = {
				ASSETCATALOG_COMPILER_APPICON_NAME = AppIcon;
				DEVELOPMENT_TEAM = 9592V5UGP7;
				INFOPLIST_FILE = TeamsGamePrototype2/Info.plist;
				LD_RUNPATH_SEARCH_PATHS = "$(inherited) @executable_path/Frameworks";
				PRODUCT_BUNDLE_IDENTIFIER = com.michaeljhsiu.TeamsGamePrototype2;
				PRODUCT_NAME = "$(TARGET_NAME)";
				SWIFT_VERSION = 3.0;
			};
			name = Debug;
		};
		370B463E1DF0C28000F5C984 /* Release */ = {
			isa = XCBuildConfiguration;
			buildSettings = {
				ASSETCATALOG_COMPILER_APPICON_NAME = AppIcon;
				DEVELOPMENT_TEAM = 9592V5UGP7;
				INFOPLIST_FILE = TeamsGamePrototype2/Info.plist;
				LD_RUNPATH_SEARCH_PATHS = "$(inherited) @executable_path/Frameworks";
				PRODUCT_BUNDLE_IDENTIFIER = com.michaeljhsiu.TeamsGamePrototype2;
				PRODUCT_NAME = "$(TARGET_NAME)";
				SWIFT_VERSION = 3.0;
			};
			name = Release;
		};
/* End XCBuildConfiguration section */

/* Begin XCConfigurationList section */
		370B46251DF0C28000F5C984 /* Build configuration list for PBXProject "TeamsGamePrototype2" */ = {
			isa = XCConfigurationList;
			buildConfigurations = (
				370B463A1DF0C28000F5C984 /* Debug */,
				370B463B1DF0C28000F5C984 /* Release */,
			);
			defaultConfigurationIsVisible = 0;
			defaultConfigurationName = Release;
		};
		370B463C1DF0C28000F5C984 /* Build configuration list for PBXNativeTarget "TeamsGamePrototype2" */ = {
			isa = XCConfigurationList;
			buildConfigurations = (
				370B463D1DF0C28000F5C984 /* Debug */,
				370B463E1DF0C28000F5C984 /* Release */,
			);
			defaultConfigurationIsVisible = 0;
		};
/* End XCConfigurationList section */
	};
	rootObject = 370B46221DF0C28000F5C984 /* Project object */;
}
